// !$*UTF8*$!
{
	archiveVersion = 1;
	classes = {
	};
	objectVersion = 50;
	objects = {

/* Begin PBXBuildFile section */
		4A9C9B46218F42CC00B97C24 /* RealmSwiftService.framework in Frameworks */ = {isa = PBXBuildFile; fileRef = 4A9C9B3C218F42CC00B97C24 /* RealmSwiftService.framework */; };
		4A9C9B4B218F42CC00B97C24 /* RealmSwiftServiceTests.swift in Sources */ = {isa = PBXBuildFile; fileRef = 4A9C9B4A218F42CC00B97C24 /* RealmSwiftServiceTests.swift */; };
		4A9C9B4D218F42CC00B97C24 /* RealmSwiftService.h in Headers */ = {isa = PBXBuildFile; fileRef = 4A9C9B3F218F42CC00B97C24 /* RealmSwiftService.h */; settings = {ATTRIBUTES = (Public, ); }; };
		4A9C9B57218F430A00B97C24 /* RealmAccessible.swift in Sources */ = {isa = PBXBuildFile; fileRef = 4A9C9B56218F430A00B97C24 /* RealmAccessible.swift */; };
		4A9C9B5B218F43B000B97C24 /* RealmDao.swift in Sources */ = {isa = PBXBuildFile; fileRef = 4A9C9B5A218F43B000B97C24 /* RealmDao.swift */; };
		4A9C9B63218F44B700B97C24 /* AppDelegate.swift in Sources */ = {isa = PBXBuildFile; fileRef = 4A9C9B62218F44B700B97C24 /* AppDelegate.swift */; };
		4A9C9B65218F44B700B97C24 /* ViewController.swift in Sources */ = {isa = PBXBuildFile; fileRef = 4A9C9B64218F44B700B97C24 /* ViewController.swift */; };
		4A9C9B68218F44B700B97C24 /* Main.storyboard in Resources */ = {isa = PBXBuildFile; fileRef = 4A9C9B66218F44B700B97C24 /* Main.storyboard */; };
		4A9C9B6A218F44B900B97C24 /* Assets.xcassets in Resources */ = {isa = PBXBuildFile; fileRef = 4A9C9B69218F44B900B97C24 /* Assets.xcassets */; };
		4A9C9B6D218F44B900B97C24 /* LaunchScreen.storyboard in Resources */ = {isa = PBXBuildFile; fileRef = 4A9C9B6B218F44B900B97C24 /* LaunchScreen.storyboard */; };
		4A9C9B73218F44E100B97C24 /* Dog.swift in Sources */ = {isa = PBXBuildFile; fileRef = 4A9C9B72218F44E100B97C24 /* Dog.swift */; };
		4A9C9B75218F44EB00B97C24 /* Cat.swift in Sources */ = {isa = PBXBuildFile; fileRef = 4A9C9B74218F44EB00B97C24 /* Cat.swift */; };
/* End PBXBuildFile section */

/* Begin PBXContainerItemProxy section */
		4A9C9B47218F42CC00B97C24 /* PBXContainerItemProxy */ = {
			isa = PBXContainerItemProxy;
			containerPortal = 4A9C9B33218F42CC00B97C24 /* Project object */;
			proxyType = 1;
			remoteGlobalIDString = 4A9C9B3B218F42CC00B97C24;
			remoteInfo = RealmSwiftService;
		};
/* End PBXContainerItemProxy section */

/* Begin PBXFileReference section */
		4A9C9B3C218F42CC00B97C24 /* RealmSwiftService.framework */ = {isa = PBXFileReference; explicitFileType = wrapper.framework; includeInIndex = 0; path = RealmSwiftService.framework; sourceTree = BUILT_PRODUCTS_DIR; };
		4A9C9B3F218F42CC00B97C24 /* RealmSwiftService.h */ = {isa = PBXFileReference; lastKnownFileType = sourcecode.c.h; path = RealmSwiftService.h; sourceTree = "<group>"; };
		4A9C9B40218F42CC00B97C24 /* Info.plist */ = {isa = PBXFileReference; lastKnownFileType = text.plist.xml; path = Info.plist; sourceTree = "<group>"; };
		4A9C9B45218F42CC00B97C24 /* RealmSwiftServiceTests.xctest */ = {isa = PBXFileReference; explicitFileType = wrapper.cfbundle; includeInIndex = 0; path = RealmSwiftServiceTests.xctest; sourceTree = BUILT_PRODUCTS_DIR; };
		4A9C9B4A218F42CC00B97C24 /* RealmSwiftServiceTests.swift */ = {isa = PBXFileReference; lastKnownFileType = sourcecode.swift; path = RealmSwiftServiceTests.swift; sourceTree = "<group>"; };
		4A9C9B4C218F42CC00B97C24 /* Info.plist */ = {isa = PBXFileReference; lastKnownFileType = text.plist.xml; path = Info.plist; sourceTree = "<group>"; };
		4A9C9B56218F430A00B97C24 /* RealmAccessible.swift */ = {isa = PBXFileReference; lastKnownFileType = sourcecode.swift; path = RealmAccessible.swift; sourceTree = "<group>"; };
		4A9C9B5A218F43B000B97C24 /* RealmDao.swift */ = {isa = PBXFileReference; lastKnownFileType = sourcecode.swift; path = RealmDao.swift; sourceTree = "<group>"; };
		4A9C9B60218F44B700B97C24 /* Example.app */ = {isa = PBXFileReference; explicitFileType = wrapper.application; includeInIndex = 0; path = Example.app; sourceTree = BUILT_PRODUCTS_DIR; };
		4A9C9B62218F44B700B97C24 /* AppDelegate.swift */ = {isa = PBXFileReference; lastKnownFileType = sourcecode.swift; path = AppDelegate.swift; sourceTree = "<group>"; };
		4A9C9B64218F44B700B97C24 /* ViewController.swift */ = {isa = PBXFileReference; lastKnownFileType = sourcecode.swift; path = ViewController.swift; sourceTree = "<group>"; };
		4A9C9B67218F44B700B97C24 /* Base */ = {isa = PBXFileReference; lastKnownFileType = file.storyboard; name = Base; path = Base.lproj/Main.storyboard; sourceTree = "<group>"; };
		4A9C9B69218F44B900B97C24 /* Assets.xcassets */ = {isa = PBXFileReference; lastKnownFileType = folder.assetcatalog; path = Assets.xcassets; sourceTree = "<group>"; };
		4A9C9B6C218F44B900B97C24 /* Base */ = {isa = PBXFileReference; lastKnownFileType = file.storyboard; name = Base; path = Base.lproj/LaunchScreen.storyboard; sourceTree = "<group>"; };
		4A9C9B6E218F44B900B97C24 /* Info.plist */ = {isa = PBXFileReference; lastKnownFileType = text.plist.xml; path = Info.plist; sourceTree = "<group>"; };
		4A9C9B72218F44E100B97C24 /* Dog.swift */ = {isa = PBXFileReference; lastKnownFileType = sourcecode.swift; path = Dog.swift; sourceTree = "<group>"; };
		4A9C9B74218F44EB00B97C24 /* Cat.swift */ = {isa = PBXFileReference; lastKnownFileType = sourcecode.swift; path = Cat.swift; sourceTree = "<group>"; };
/* End PBXFileReference section */

/* Begin PBXFrameworksBuildPhase section */
		4A9C9B39218F42CC00B97C24 /* Frameworks */ = {
			isa = PBXFrameworksBuildPhase;
			buildActionMask = 2147483647;
			files = (
			);
			runOnlyForDeploymentPostprocessing = 0;
		};
		4A9C9B42218F42CC00B97C24 /* Frameworks */ = {
			isa = PBXFrameworksBuildPhase;
			buildActionMask = 2147483647;
			files = (
				4A9C9B46218F42CC00B97C24 /* RealmSwiftService.framework in Frameworks */,
			);
			runOnlyForDeploymentPostprocessing = 0;
		};
		4A9C9B5D218F44B700B97C24 /* Frameworks */ = {
			isa = PBXFrameworksBuildPhase;
			buildActionMask = 2147483647;
			files = (
			);
			runOnlyForDeploymentPostprocessing = 0;
		};
/* End PBXFrameworksBuildPhase section */

/* Begin PBXGroup section */
		4A9C9B32218F42CC00B97C24 = {
			isa = PBXGroup;
			children = (
				4A9C9B3E218F42CC00B97C24 /* RealmSwiftService */,
				4A9C9B61218F44B700B97C24 /* Example */,
				4A9C9B49218F42CC00B97C24 /* RealmSwiftServiceTests */,
				4A9C9B3D218F42CC00B97C24 /* Products */,
			);
			sourceTree = "<group>";
		};
		4A9C9B3D218F42CC00B97C24 /* Products */ = {
			isa = PBXGroup;
			children = (
				4A9C9B3C218F42CC00B97C24 /* RealmSwiftService.framework */,
				4A9C9B45218F42CC00B97C24 /* RealmSwiftServiceTests.xctest */,
				4A9C9B60218F44B700B97C24 /* Example.app */,
			);
			name = Products;
			sourceTree = "<group>";
		};
		4A9C9B3E218F42CC00B97C24 /* RealmSwiftService */ = {
			isa = PBXGroup;
			children = (
				4A9C9B3F218F42CC00B97C24 /* RealmSwiftService.h */,
				4A9C9B56218F430A00B97C24 /* RealmAccessible.swift */,
				4A9C9B5A218F43B000B97C24 /* RealmDao.swift */,
				4A9C9B40218F42CC00B97C24 /* Info.plist */,
			);
			path = RealmSwiftService;
			sourceTree = "<group>";
		};
		4A9C9B49218F42CC00B97C24 /* RealmSwiftServiceTests */ = {
			isa = PBXGroup;
			children = (
				4A9C9B4A218F42CC00B97C24 /* RealmSwiftServiceTests.swift */,
				4A9C9B4C218F42CC00B97C24 /* Info.plist */,
			);
			path = RealmSwiftServiceTests;
			sourceTree = "<group>";
		};
		4A9C9B61218F44B700B97C24 /* Example */ = {
			isa = PBXGroup;
			children = (
				4A9C9B62218F44B700B97C24 /* AppDelegate.swift */,
				4A9C9B64218F44B700B97C24 /* ViewController.swift */,
				4A9C9B76218F44F400B97C24 /* Model */,
				4A9C9B66218F44B700B97C24 /* Main.storyboard */,
				4A9C9B69218F44B900B97C24 /* Assets.xcassets */,
				4A9C9B6B218F44B900B97C24 /* LaunchScreen.storyboard */,
				4A9C9B6E218F44B900B97C24 /* Info.plist */,
			);
			path = Example;
			sourceTree = "<group>";
		};
		4A9C9B76218F44F400B97C24 /* Model */ = {
			isa = PBXGroup;
			children = (
				4A9C9B77218F450400B97C24 /* Realm */,
			);
			path = Model;
			sourceTree = "<group>";
		};
		4A9C9B77218F450400B97C24 /* Realm */ = {
			isa = PBXGroup;
			children = (
				4A9C9B72218F44E100B97C24 /* Dog.swift */,
				4A9C9B74218F44EB00B97C24 /* Cat.swift */,
			);
			path = Realm;
			sourceTree = "<group>";
		};
/* End PBXGroup section */

/* Begin PBXHeadersBuildPhase section */
		4A9C9B37218F42CC00B97C24 /* Headers */ = {
			isa = PBXHeadersBuildPhase;
			buildActionMask = 2147483647;
			files = (
				4A9C9B4D218F42CC00B97C24 /* RealmSwiftService.h in Headers */,
			);
			runOnlyForDeploymentPostprocessing = 0;
		};
/* End PBXHeadersBuildPhase section */

/* Begin PBXNativeTarget section */
		4A9C9B3B218F42CC00B97C24 /* RealmSwiftService */ = {
			isa = PBXNativeTarget;
			buildConfigurationList = 4A9C9B50218F42CC00B97C24 /* Build configuration list for PBXNativeTarget "RealmSwiftService" */;
			buildPhases = (
				4A9C9B37218F42CC00B97C24 /* Headers */,
				4A9C9B38218F42CC00B97C24 /* Sources */,
				4A9C9B39218F42CC00B97C24 /* Frameworks */,
				4A9C9B3A218F42CC00B97C24 /* Resources */,
			);
			buildRules = (
			);
			dependencies = (
			);
			name = RealmSwiftService;
			productName = RealmSwiftService;
			productReference = 4A9C9B3C218F42CC00B97C24 /* RealmSwiftService.framework */;
			productType = "com.apple.product-type.framework";
		};
		4A9C9B44218F42CC00B97C24 /* RealmSwiftServiceTests */ = {
			isa = PBXNativeTarget;
			buildConfigurationList = 4A9C9B53218F42CC00B97C24 /* Build configuration list for PBXNativeTarget "RealmSwiftServiceTests" */;
			buildPhases = (
				4A9C9B41218F42CC00B97C24 /* Sources */,
				4A9C9B42218F42CC00B97C24 /* Frameworks */,
				4A9C9B43218F42CC00B97C24 /* Resources */,
			);
			buildRules = (
			);
			dependencies = (
				4A9C9B48218F42CC00B97C24 /* PBXTargetDependency */,
			);
			name = RealmSwiftServiceTests;
			productName = RealmSwiftServiceTests;
			productReference = 4A9C9B45218F42CC00B97C24 /* RealmSwiftServiceTests.xctest */;
			productType = "com.apple.product-type.bundle.unit-test";
		};
		4A9C9B5F218F44B700B97C24 /* Example */ = {
			isa = PBXNativeTarget;
			buildConfigurationList = 4A9C9B6F218F44B900B97C24 /* Build configuration list for PBXNativeTarget "Example" */;
			buildPhases = (
				4A9C9B5C218F44B700B97C24 /* Sources */,
				4A9C9B5D218F44B700B97C24 /* Frameworks */,
				4A9C9B5E218F44B700B97C24 /* Resources */,
			);
			buildRules = (
			);
			dependencies = (
			);
			name = Example;
			productName = Example;
			productReference = 4A9C9B60218F44B700B97C24 /* Example.app */;
			productType = "com.apple.product-type.application";
		};
/* End PBXNativeTarget section */

/* Begin PBXProject section */
		4A9C9B33218F42CC00B97C24 /* Project object */ = {
			isa = PBXProject;
			attributes = {
				LastSwiftUpdateCheck = 1000;
				LastUpgradeCheck = 1000;
				ORGANIZATIONNAME = "Tsubasa Hayashi";
				TargetAttributes = {
					4A9C9B3B218F42CC00B97C24 = {
						CreatedOnToolsVersion = 10.0;
						LastSwiftMigration = 1000;
					};
					4A9C9B44218F42CC00B97C24 = {
						CreatedOnToolsVersion = 10.0;
					};
					4A9C9B5F218F44B700B97C24 = {
						CreatedOnToolsVersion = 10.0;
					};
				};
			};
			buildConfigurationList = 4A9C9B36218F42CC00B97C24 /* Build configuration list for PBXProject "RealmSwiftService" */;
			compatibilityVersion = "Xcode 9.3";
			developmentRegion = en;
			hasScannedForEncodings = 0;
			knownRegions = (
				en,
				Base,
			);
			mainGroup = 4A9C9B32218F42CC00B97C24;
			productRefGroup = 4A9C9B3D218F42CC00B97C24 /* Products */;
			projectDirPath = "";
			projectRoot = "";
			targets = (
				4A9C9B3B218F42CC00B97C24 /* RealmSwiftService */,
				4A9C9B44218F42CC00B97C24 /* RealmSwiftServiceTests */,
				4A9C9B5F218F44B700B97C24 /* Example */,
			);
		};
/* End PBXProject section */

/* Begin PBXResourcesBuildPhase section */
		4A9C9B3A218F42CC00B97C24 /* Resources */ = {
			isa = PBXResourcesBuildPhase;
			buildActionMask = 2147483647;
			files = (
			);
			runOnlyForDeploymentPostprocessing = 0;
		};
		4A9C9B43218F42CC00B97C24 /* Resources */ = {
			isa = PBXResourcesBuildPhase;
			buildActionMask = 2147483647;
			files = (
			);
			runOnlyForDeploymentPostprocessing = 0;
		};
		4A9C9B5E218F44B700B97C24 /* Resources */ = {
			isa = PBXResourcesBuildPhase;
			buildActionMask = 2147483647;
			files = (
				4A9C9B6D218F44B900B97C24 /* LaunchScreen.storyboard in Resources */,
				4A9C9B6A218F44B900B97C24 /* Assets.xcassets in Resources */,
				4A9C9B68218F44B700B97C24 /* Main.storyboard in Resources */,
			);
			runOnlyForDeploymentPostprocessing = 0;
		};
/* End PBXResourcesBuildPhase section */

/* Begin PBXSourcesBuildPhase section */
		4A9C9B38218F42CC00B97C24 /* Sources */ = {
			isa = PBXSourcesBuildPhase;
			buildActionMask = 2147483647;
			files = (
				4A9C9B5B218F43B000B97C24 /* RealmDao.swift in Sources */,
				4A9C9B57218F430A00B97C24 /* RealmAccessible.swift in Sources */,
			);
			runOnlyForDeploymentPostprocessing = 0;
		};
		4A9C9B41218F42CC00B97C24 /* Sources */ = {
			isa = PBXSourcesBuildPhase;
			buildActionMask = 2147483647;
			files = (
				4A9C9B4B218F42CC00B97C24 /* RealmSwiftServiceTests.swift in Sources */,
			);
			runOnlyForDeploymentPostprocessing = 0;
		};
		4A9C9B5C218F44B700B97C24 /* Sources */ = {
			isa = PBXSourcesBuildPhase;
			buildActionMask = 2147483647;
			files = (
				4A9C9B75218F44EB00B97C24 /* Cat.swift in Sources */,
				4A9C9B65218F44B700B97C24 /* ViewController.swift in Sources */,
				4A9C9B63218F44B700B97C24 /* AppDelegate.swift in Sources */,
				4A9C9B73218F44E100B97C24 /* Dog.swift in Sources */,
			);
			runOnlyForDeploymentPostprocessing = 0;
		};
/* End PBXSourcesBuildPhase section */

/* Begin PBXTargetDependency section */
		4A9C9B48218F42CC00B97C24 /* PBXTargetDependency */ = {
			isa = PBXTargetDependency;
			target = 4A9C9B3B218F42CC00B97C24 /* RealmSwiftService */;
			targetProxy = 4A9C9B47218F42CC00B97C24 /* PBXContainerItemProxy */;
		};
/* End PBXTargetDependency section */

/* Begin PBXVariantGroup section */
		4A9C9B66218F44B700B97C24 /* Main.storyboard */ = {
			isa = PBXVariantGroup;
			children = (
				4A9C9B67218F44B700B97C24 /* Base */,
			);
			name = Main.storyboard;
			sourceTree = "<group>";
		};
		4A9C9B6B218F44B900B97C24 /* LaunchScreen.storyboard */ = {
			isa = PBXVariantGroup;
			children = (
				4A9C9B6C218F44B900B97C24 /* Base */,
			);
			name = LaunchScreen.storyboard;
			sourceTree = "<group>";
		};
/* End PBXVariantGroup section */

/* Begin XCBuildConfiguration section */
		4A9C9B4E218F42CC00B97C24 /* Debug */ = {
			isa = XCBuildConfiguration;
			buildSettings = {
				ALWAYS_SEARCH_USER_PATHS = NO;
				CLANG_ANALYZER_NONNULL = YES;
				CLANG_ANALYZER_NUMBER_OBJECT_CONVERSION = YES_AGGRESSIVE;
				CLANG_CXX_LANGUAGE_STANDARD = "gnu++14";
				CLANG_CXX_LIBRARY = "libc++";
				CLANG_ENABLE_MODULES = YES;
				CLANG_ENABLE_OBJC_ARC = YES;
				CLANG_ENABLE_OBJC_WEAK = YES;
				CLANG_WARN_BLOCK_CAPTURE_AUTORELEASING = YES;
				CLANG_WARN_BOOL_CONVERSION = YES;
				CLANG_WARN_COMMA = YES;
				CLANG_WARN_CONSTANT_CONVERSION = YES;
				CLANG_WARN_DEPRECATED_OBJC_IMPLEMENTATIONS = YES;
				CLANG_WARN_DIRECT_OBJC_ISA_USAGE = YES_ERROR;
				CLANG_WARN_DOCUMENTATION_COMMENTS = YES;
				CLANG_WARN_EMPTY_BODY = YES;
				CLANG_WARN_ENUM_CONVERSION = YES;
				CLANG_WARN_INFINITE_RECURSION = YES;
				CLANG_WARN_INT_CONVERSION = YES;
				CLANG_WARN_NON_LITERAL_NULL_CONVERSION = YES;
				CLANG_WARN_OBJC_IMPLICIT_RETAIN_SELF = YES;
				CLANG_WARN_OBJC_LITERAL_CONVERSION = YES;
				CLANG_WARN_OBJC_ROOT_CLASS = YES_ERROR;
				CLANG_WARN_RANGE_LOOP_ANALYSIS = YES;
				CLANG_WARN_STRICT_PROTOTYPES = YES;
				CLANG_WARN_SUSPICIOUS_MOVE = YES;
				CLANG_WARN_UNGUARDED_AVAILABILITY = YES_AGGRESSIVE;
				CLANG_WARN_UNREACHABLE_CODE = YES;
				CLANG_WARN__DUPLICATE_METHOD_MATCH = YES;
				CODE_SIGN_IDENTITY = "iPhone Developer";
				COPY_PHASE_STRIP = NO;
				CURRENT_PROJECT_VERSION = 1;
				DEBUG_INFORMATION_FORMAT = dwarf;
				ENABLE_STRICT_OBJC_MSGSEND = YES;
				ENABLE_TESTABILITY = YES;
				GCC_C_LANGUAGE_STANDARD = gnu11;
				GCC_DYNAMIC_NO_PIC = NO;
				GCC_NO_COMMON_BLOCKS = YES;
				GCC_OPTIMIZATION_LEVEL = 0;
				GCC_PREPROCESSOR_DEFINITIONS = (
					"DEBUG=1",
					"$(inherited)",
				);
				GCC_WARN_64_TO_32_BIT_CONVERSION = YES;
				GCC_WARN_ABOUT_RETURN_TYPE = YES_ERROR;
				GCC_WARN_UNDECLARED_SELECTOR = YES;
				GCC_WARN_UNINITIALIZED_AUTOS = YES_AGGRESSIVE;
				GCC_WARN_UNUSED_FUNCTION = YES;
				GCC_WARN_UNUSED_VARIABLE = YES;
				IPHONEOS_DEPLOYMENT_TARGET = 12.0;
				MTL_ENABLE_DEBUG_INFO = INCLUDE_SOURCE;
				MTL_FAST_MATH = YES;
				ONLY_ACTIVE_ARCH = YES;
				SDKROOT = iphoneos;
				SWIFT_ACTIVE_COMPILATION_CONDITIONS = DEBUG;
				SWIFT_OPTIMIZATION_LEVEL = "-Onone";
				VERSIONING_SYSTEM = "apple-generic";
				VERSION_INFO_PREFIX = "";
			};
			name = Debug;
		};
		4A9C9B4F218F42CC00B97C24 /* Release */ = {
			isa = XCBuildConfiguration;
			buildSettings = {
				ALWAYS_SEARCH_USER_PATHS = NO;
				CLANG_ANALYZER_NONNULL = YES;
				CLANG_ANALYZER_NUMBER_OBJECT_CONVERSION = YES_AGGRESSIVE;
				CLANG_CXX_LANGUAGE_STANDARD = "gnu++14";
				CLANG_CXX_LIBRARY = "libc++";
				CLANG_ENABLE_MODULES = YES;
				CLANG_ENABLE_OBJC_ARC = YES;
				CLANG_ENABLE_OBJC_WEAK = YES;
				CLANG_WARN_BLOCK_CAPTURE_AUTORELEASING = YES;
				CLANG_WARN_BOOL_CONVERSION = YES;
				CLANG_WARN_COMMA = YES;
				CLANG_WARN_CONSTANT_CONVERSION = YES;
				CLANG_WARN_DEPRECATED_OBJC_IMPLEMENTATIONS = YES;
				CLANG_WARN_DIRECT_OBJC_ISA_USAGE = YES_ERROR;
				CLANG_WARN_DOCUMENTATION_COMMENTS = YES;
				CLANG_WARN_EMPTY_BODY = YES;
				CLANG_WARN_ENUM_CONVERSION = YES;
				CLANG_WARN_INFINITE_RECURSION = YES;
				CLANG_WARN_INT_CONVERSION = YES;
				CLANG_WARN_NON_LITERAL_NULL_CONVERSION = YES;
				CLANG_WARN_OBJC_IMPLICIT_RETAIN_SELF = YES;
				CLANG_WARN_OBJC_LITERAL_CONVERSION = YES;
				CLANG_WARN_OBJC_ROOT_CLASS = YES_ERROR;
				CLANG_WARN_RANGE_LOOP_ANALYSIS = YES;
				CLANG_WARN_STRICT_PROTOTYPES = YES;
				CLANG_WARN_SUSPICIOUS_MOVE = YES;
				CLANG_WARN_UNGUARDED_AVAILABILITY = YES_AGGRESSIVE;
				CLANG_WARN_UNREACHABLE_CODE = YES;
				CLANG_WARN__DUPLICATE_METHOD_MATCH = YES;
				CODE_SIGN_IDENTITY = "iPhone Developer";
				COPY_PHASE_STRIP = NO;
				CURRENT_PROJECT_VERSION = 1;
				DEBUG_INFORMATION_FORMAT = "dwarf-with-dsym";
				ENABLE_NS_ASSERTIONS = NO;
				ENABLE_STRICT_OBJC_MSGSEND = YES;
				GCC_C_LANGUAGE_STANDARD = gnu11;
				GCC_NO_COMMON_BLOCKS = YES;
				GCC_WARN_64_TO_32_BIT_CONVERSION = YES;
				GCC_WARN_ABOUT_RETURN_TYPE = YES_ERROR;
				GCC_WARN_UNDECLARED_SELECTOR = YES;
				GCC_WARN_UNINITIALIZED_AUTOS = YES_AGGRESSIVE;
				GCC_WARN_UNUSED_FUNCTION = YES;
				GCC_WARN_UNUSED_VARIABLE = YES;
				IPHONEOS_DEPLOYMENT_TARGET = 12.0;
				MTL_ENABLE_DEBUG_INFO = NO;
				MTL_FAST_MATH = YES;
				SDKROOT = iphoneos;
				SWIFT_COMPILATION_MODE = wholemodule;
				SWIFT_OPTIMIZATION_LEVEL = "-O";
				VALIDATE_PRODUCT = YES;
				VERSIONING_SYSTEM = "apple-generic";
				VERSION_INFO_PREFIX = "";
			};
			name = Release;
		};
		4A9C9B51218F42CC00B97C24 /* Debug */ = {
			isa = XCBuildConfiguration;
			buildSettings = {
				CLANG_ENABLE_MODULES = YES;
				CODE_SIGN_IDENTITY = "";
				CODE_SIGN_STYLE = Automatic;
				DEFINES_MODULE = YES;
				DYLIB_COMPATIBILITY_VERSION = 1;
				DYLIB_CURRENT_VERSION = 1;
				DYLIB_INSTALL_NAME_BASE = "@rpath";
				INFOPLIST_FILE = RealmSwiftService/Info.plist;
				INSTALL_PATH = "$(LOCAL_LIBRARY_DIR)/Frameworks";
				LD_RUNPATH_SEARCH_PATHS = (
					"$(inherited)",
					"@executable_path/Frameworks",
					"@loader_path/Frameworks",
				);
				PRODUCT_BUNDLE_IDENTIFIER = app.yokurin.RealmSwiftService;
				PRODUCT_NAME = "$(TARGET_NAME:c99extidentifier)";
				SKIP_INSTALL = YES;
				SWIFT_OPTIMIZATION_LEVEL = "-Onone";
				SWIFT_VERSION = 4.2;
				TARGETED_DEVICE_FAMILY = "1,2";
			};
			name = Debug;
		};
		4A9C9B52218F42CC00B97C24 /* Release */ = {
			isa = XCBuildConfiguration;
			buildSettings = {
				CLANG_ENABLE_MODULES = YES;
				CODE_SIGN_IDENTITY = "";
				CODE_SIGN_STYLE = Automatic;
				DEFINES_MODULE = YES;
				DYLIB_COMPATIBILITY_VERSION = 1;
				DYLIB_CURRENT_VERSION = 1;
				DYLIB_INSTALL_NAME_BASE = "@rpath";
				INFOPLIST_FILE = RealmSwiftService/Info.plist;
				INSTALL_PATH = "$(LOCAL_LIBRARY_DIR)/Frameworks";
				LD_RUNPATH_SEARCH_PATHS = (
					"$(inherited)",
					"@executable_path/Frameworks",
					"@loader_path/Frameworks",
				);
				PRODUCT_BUNDLE_IDENTIFIER = app.yokurin.RealmSwiftService;
				PRODUCT_NAME = "$(TARGET_NAME:c99extidentifier)";
				SKIP_INSTALL = YES;
				SWIFT_VERSION = 4.2;
				TARGETED_DEVICE_FAMILY = "1,2";
			};
			name = Release;
		};
		4A9C9B54218F42CC00B97C24 /* Debug */ = {
			isa = XCBuildConfiguration;
			buildSettings = {
				ALWAYS_EMBED_SWIFT_STANDARD_LIBRARIES = YES;
				CODE_SIGN_STYLE = Automatic;
				INFOPLIST_FILE = RealmSwiftServiceTests/Info.plist;
				LD_RUNPATH_SEARCH_PATHS = (
					"$(inherited)",
					"@executable_path/Frameworks",
					"@loader_path/Frameworks",
				);
				PRODUCT_BUNDLE_IDENTIFIER = app.yokurin.RealmSwiftServiceTests;
				PRODUCT_NAME = "$(TARGET_NAME)";
				SWIFT_VERSION = 4.2;
				TARGETED_DEVICE_FAMILY = "1,2";
			};
			name = Debug;
		};
		4A9C9B55218F42CC00B97C24 /* Release */ = {
			isa = XCBuildConfiguration;
			buildSettings = {
				ALWAYS_EMBED_SWIFT_STANDARD_LIBRARIES = YES;
				CODE_SIGN_STYLE = Automatic;
				INFOPLIST_FILE = RealmSwiftServiceTests/Info.plist;
				LD_RUNPATH_SEARCH_PATHS = (
					"$(inherited)",
					"@executable_path/Frameworks",
					"@loader_path/Frameworks",
				);
				PRODUCT_BUNDLE_IDENTIFIER = app.yokurin.RealmSwiftServiceTests;
				PRODUCT_NAME = "$(TARGET_NAME)";
				SWIFT_VERSION = 4.2;
				TARGETED_DEVICE_FAMILY = "1,2";
			};
			name = Release;
		};
		4A9C9B70218F44B900B97C24 /* Debug */ = {
			isa = XCBuildConfiguration;
			buildSettings = {
				ASSETCATALOG_COMPILER_APPICON_NAME = AppIcon;
				CODE_SIGN_STYLE = Automatic;
				INFOPLIST_FILE = Example/Info.plist;
				LD_RUNPATH_SEARCH_PATHS = (
					"$(inherited)",
					"@executable_path/Frameworks",
				);
				PRODUCT_BUNDLE_IDENTIFIER = app.yokurin.Example;
				PRODUCT_NAME = "$(TARGET_NAME)";
				SWIFT_VERSION = 4.2;
				TARGETED_DEVICE_FAMILY = "1,2";
			};
			name = Debug;
		};
		4A9C9B71218F44B900B97C24 /* Release */ = {
			isa = XCBuildConfiguration;
			buildSettings = {
				ASSETCATALOG_COMPILER_APPICON_NAME = AppIcon;
				CODE_SIGN_STYLE = Automatic;
				INFOPLIST_FILE = Example/Info.plist;
				LD_RUNPATH_SEARCH_PATHS = (
					"$(inherited)",
					"@executable_path/Frameworks",
				);
				PRODUCT_BUNDLE_IDENTIFIER = app.yokurin.Example;
				PRODUCT_NAME = "$(TARGET_NAME)";
				SWIFT_VERSION = 4.2;
				TARGETED_DEVICE_FAMILY = "1,2";
			};
			name = Release;
		};
/* End XCBuildConfiguration section */

/* Begin XCConfigurationList section */
		4A9C9B36218F42CC00B97C24 /* Build configuration list for PBXProject "RealmSwiftService" */ = {
			isa = XCConfigurationList;
			buildConfigurations = (
				4A9C9B4E218F42CC00B97C24 /* Debug */,
				4A9C9B4F218F42CC00B97C24 /* Release */,
			);
			defaultConfigurationIsVisible = 0;
			defaultConfigurationName = Release;
		};
		4A9C9B50218F42CC00B97C24 /* Build configuration list for PBXNativeTarget "RealmSwiftService" */ = {
			isa = XCConfigurationList;
			buildConfigurations = (
				4A9C9B51218F42CC00B97C24 /* Debug */,
				4A9C9B52218F42CC00B97C24 /* Release */,
			);
			defaultConfigurationIsVisible = 0;
			defaultConfigurationName = Release;
		};
		4A9C9B53218F42CC00B97C24 /* Build configuration list for PBXNativeTarget "RealmSwiftServiceTests" */ = {
			isa = XCConfigurationList;
			buildConfigurations = (
				4A9C9B54218F42CC00B97C24 /* Debug */,
				4A9C9B55218F42CC00B97C24 /* Release */,
			);
			defaultConfigurationIsVisible = 0;
			defaultConfigurationName = Release;
		};
		4A9C9B6F218F44B900B97C24 /* Build configuration list for PBXNativeTarget "Example" */ = {
			isa = XCConfigurationList;
			buildConfigurations = (
				4A9C9B70218F44B900B97C24 /* Debug */,
				4A9C9B71218F44B900B97C24 /* Release */,
			);
			defaultConfigurationIsVisible = 0;
			defaultConfigurationName = Release;
		};
/* End XCConfigurationList section */
	};
	rootObject = 4A9C9B33218F42CC00B97C24 /* Project object */;
}
